// !$*UTF8*$!
{
	archiveVersion = 1;
	classes = {
	};
	objectVersion = 46;
	objects = {

/* Begin PBXBuildFile section */
		1A1077C714FE5098003371A5 /* CoreVideo.framework in Frameworks */ = {isa = PBXBuildFile; fileRef = 1A1077C614FE5098003371A5 /* CoreVideo.framework */; };
		1A1D278D151657B70019B46F /* README in Resources */ = {isa = PBXBuildFile; fileRef = 1A1D278C151657B70019B46F /* README */; };
		1A2B2012150E52C400DC722B /* Kinect Processing.m in Sources */ = {isa = PBXBuildFile; fileRef = 1A2B2011150E52C400DC722B /* Kinect Processing.m */; };
		1A42D20C14FD53D10057876F /* Cocoa.framework in Frameworks */ = {isa = PBXBuildFile; fileRef = 1A42D20B14FD53D10057876F /* Cocoa.framework */; };
		1A42D21614FD53D20057876F /* InfoPlist.strings in Resources */ = {isa = PBXBuildFile; fileRef = 1A42D21414FD53D20057876F /* InfoPlist.strings */; };
		1A42D21814FD53D20057876F /* main.m in Sources */ = {isa = PBXBuildFile; fileRef = 1A42D21714FD53D20057876F /* main.m */; };
		1A42D21C14FD53D20057876F /* Credits.rtf in Resources */ = {isa = PBXBuildFile; fileRef = 1A42D21A14FD53D20057876F /* Credits.rtf */; };
		1A42D21F14FD53D20057876F /* AppDelegate.m in Sources */ = {isa = PBXBuildFile; fileRef = 1A42D21E14FD53D20057876F /* AppDelegate.m */; };
		1A42D22214FD53D20057876F /* MainMenu.xib in Resources */ = {isa = PBXBuildFile; fileRef = 1A42D22014FD53D20057876F /* MainMenu.xib */; };
		1A42D22914FD53E20057876F /* OpenGL.framework in Frameworks */ = {isa = PBXBuildFile; fileRef = 1A42D22814FD53E20057876F /* OpenGL.framework */; };
		1A42D22B14FD53EC0057876F /* libfreenect.dylib in Frameworks */ = {isa = PBXBuildFile; fileRef = 1A42D22A14FD53EC0057876F /* libfreenect.dylib */; };
		1A42D22E14FD542C0057876F /* Kinect Controller.m in Sources */ = {isa = PBXBuildFile; fileRef = 1A42D22D14FD542C0057876F /* Kinect Controller.m */; };
/* End PBXBuildFile section */

/* Begin PBXFileReference section */
		1A1077C614FE5098003371A5 /* CoreVideo.framework */ = {isa = PBXFileReference; lastKnownFileType = wrapper.framework; name = CoreVideo.framework; path = System/Library/Frameworks/CoreVideo.framework; sourceTree = SDKROOT; };
		1A1D278C151657B70019B46F /* README */ = {isa = PBXFileReference; fileEncoding = 4; lastKnownFileType = text; path = README; sourceTree = SOURCE_ROOT; };
		1A2B2010150E52C400DC722B /* Kinect Processing.h */ = {isa = PBXFileReference; fileEncoding = 4; lastKnownFileType = sourcecode.c.h; name = "Kinect Processing.h"; path = "Kinect Classes/Kinect Processing.h"; sourceTree = "<group>"; };
		1A2B2011150E52C400DC722B /* Kinect Processing.m */ = {isa = PBXFileReference; fileEncoding = 4; lastKnownFileType = sourcecode.c.objc; name = "Kinect Processing.m"; path = "Kinect Classes/Kinect Processing.m"; sourceTree = "<group>"; };
		1A42D20714FD53D10057876F /* OpenKinect Cocoa Example.app */ = {isa = PBXFileReference; explicitFileType = wrapper.application; includeInIndex = 0; path = "OpenKinect Cocoa Example.app"; sourceTree = BUILT_PRODUCTS_DIR; };
		1A42D20B14FD53D10057876F /* Cocoa.framework */ = {isa = PBXFileReference; lastKnownFileType = wrapper.framework; name = Cocoa.framework; path = System/Library/Frameworks/Cocoa.framework; sourceTree = SDKROOT; };
		1A42D20E14FD53D20057876F /* AppKit.framework */ = {isa = PBXFileReference; lastKnownFileType = wrapper.framework; name = AppKit.framework; path = System/Library/Frameworks/AppKit.framework; sourceTree = SDKROOT; };
		1A42D20F14FD53D20057876F /* CoreData.framework */ = {isa = PBXFileReference; lastKnownFileType = wrapper.framework; name = CoreData.framework; path = System/Library/Frameworks/CoreData.framework; sourceTree = SDKROOT; };
		1A42D21014FD53D20057876F /* Foundation.framework */ = {isa = PBXFileReference; lastKnownFileType = wrapper.framework; name = Foundation.framework; path = System/Library/Frameworks/Foundation.framework; sourceTree = SDKROOT; };
		1A42D21314FD53D20057876F /* OpenKinect Cocoa Example-Info.plist */ = {isa = PBXFileReference; lastKnownFileType = text.plist.xml; path = "OpenKinect Cocoa Example-Info.plist"; sourceTree = "<group>"; };
		1A42D21514FD53D20057876F /* en */ = {isa = PBXFileReference; lastKnownFileType = text.plist.strings; name = en; path = en.lproj/InfoPlist.strings; sourceTree = "<group>"; };
		1A42D21714FD53D20057876F /* main.m */ = {isa = PBXFileReference; lastKnownFileType = sourcecode.c.objc; path = main.m; sourceTree = "<group>"; };
		1A42D21914FD53D20057876F /* OpenKinect Cocoa Example-Prefix.pch */ = {isa = PBXFileReference; lastKnownFileType = sourcecode.c.h; path = "OpenKinect Cocoa Example-Prefix.pch"; sourceTree = "<group>"; };
		1A42D21B14FD53D20057876F /* en */ = {isa = PBXFileReference; lastKnownFileType = text.rtf; name = en; path = en.lproj/Credits.rtf; sourceTree = "<group>"; };
		1A42D21D14FD53D20057876F /* AppDelegate.h */ = {isa = PBXFileReference; lastKnownFileType = sourcecode.c.h; path = AppDelegate.h; sourceTree = "<group>"; };
		1A42D21E14FD53D20057876F /* AppDelegate.m */ = {isa = PBXFileReference; lastKnownFileType = sourcecode.c.objc; path = AppDelegate.m; sourceTree = "<group>"; };
		1A42D22114FD53D20057876F /* en */ = {isa = PBXFileReference; lastKnownFileType = file.xib; name = en; path = en.lproj/MainMenu.xib; sourceTree = "<group>"; };
		1A42D22814FD53E20057876F /* OpenGL.framework */ = {isa = PBXFileReference; lastKnownFileType = wrapper.framework; name = OpenGL.framework; path = System/Library/Frameworks/OpenGL.framework; sourceTree = SDKROOT; };
		1A42D22A14FD53EC0057876F /* libfreenect.dylib */ = {isa = PBXFileReference; lastKnownFileType = "compiled.mach-o.dylib"; name = libfreenect.dylib; path = usr/local/lib/libfreenect.dylib; sourceTree = SDKROOT; };
		1A42D22C14FD542C0057876F /* Kinect Controller.h */ = {isa = PBXFileReference; fileEncoding = 4; lastKnownFileType = sourcecode.c.h; name = "Kinect Controller.h"; path = "Kinect Classes/Kinect Controller.h"; sourceTree = "<group>"; };
		1A42D22D14FD542C0057876F /* Kinect Controller.m */ = {isa = PBXFileReference; fileEncoding = 4; lastKnownFileType = sourcecode.c.objc; name = "Kinect Controller.m"; path = "Kinect Classes/Kinect Controller.m"; sourceTree = "<group>"; };
/* End PBXFileReference section */

/* Begin PBXFrameworksBuildPhase section */
		1A42D20414FD53D10057876F /* Frameworks */ = {
			isa = PBXFrameworksBuildPhase;
			buildActionMask = 2147483647;
			files = (
				1A42D22B14FD53EC0057876F /* libfreenect.dylib in Frameworks */,
				1A42D22914FD53E20057876F /* OpenGL.framework in Frameworks */,
				1A1077C714FE5098003371A5 /* CoreVideo.framework in Frameworks */,
				1A42D20C14FD53D10057876F /* Cocoa.framework in Frameworks */,
			);
			runOnlyForDeploymentPostprocessing = 0;
		};
/* End PBXFrameworksBuildPhase section */

/* Begin PBXGroup section */
		1A42D1FC14FD53D10057876F = {
			isa = PBXGroup;
			children = (
				1A42D22F14FD542F0057876F /* Kinect Classes */,
				1A42D21114FD53D20057876F /* KinectiCopter */,
				1A42D20A14FD53D10057876F /* Frameworks */,
				1A42D20814FD53D10057876F /* Products */,
			);
			sourceTree = "<group>";
			usesTabs = 1;
		};
		1A42D20814FD53D10057876F /* Products */ = {
			isa = PBXGroup;
			children = (
				1A42D20714FD53D10057876F /* OpenKinect Cocoa Example.app */,
			);
			name = Products;
			sourceTree = "<group>";
		};
		1A42D20A14FD53D10057876F /* Frameworks */ = {
			isa = PBXGroup;
			children = (
				1A42D22A14FD53EC0057876F /* libfreenect.dylib */,
				1A42D22814FD53E20057876F /* OpenGL.framework */,
				1A1077C614FE5098003371A5 /* CoreVideo.framework */,
				1A42D20B14FD53D10057876F /* Cocoa.framework */,
				1A42D20D14FD53D10057876F /* Other Frameworks */,
			);
			name = Frameworks;
			sourceTree = "<group>";
		};
		1A42D20D14FD53D10057876F /* Other Frameworks */ = {
			isa = PBXGroup;
			children = (
				1A42D20E14FD53D20057876F /* AppKit.framework */,
				1A42D20F14FD53D20057876F /* CoreData.framework */,
				1A42D21014FD53D20057876F /* Foundation.framework */,
			);
			name = "Other Frameworks";
			sourceTree = "<group>";
		};
		1A42D21114FD53D20057876F /* KinectiCopter */ = {
			isa = PBXGroup;
			children = (
				1A42D21D14FD53D20057876F /* AppDelegate.h */,
				1A42D21E14FD53D20057876F /* AppDelegate.m */,
				1A42D22014FD53D20057876F /* MainMenu.xib */,
				1A42D21214FD53D20057876F /* Supporting Files */,
			);
			path = KinectiCopter;
			sourceTree = "<group>";
		};
		1A42D21214FD53D20057876F /* Supporting Files */ = {
			isa = PBXGroup;
			children = (
				1A42D21314FD53D20057876F /* OpenKinect Cocoa Example-Info.plist */,
				1A42D21414FD53D20057876F /* InfoPlist.strings */,
				1A42D21714FD53D20057876F /* main.m */,
				1A42D21914FD53D20057876F /* OpenKinect Cocoa Example-Prefix.pch */,
				1A42D21A14FD53D20057876F /* Credits.rtf */,
				1A1D278C151657B70019B46F /* README */,
			);
			name = "Supporting Files";
			sourceTree = "<group>";
		};
		1A42D22F14FD542F0057876F /* Kinect Classes */ = {
			isa = PBXGroup;
			children = (
				1A42D22C14FD542C0057876F /* Kinect Controller.h */,
				1A42D22D14FD542C0057876F /* Kinect Controller.m */,
				1A2B2010150E52C400DC722B /* Kinect Processing.h */,
				1A2B2011150E52C400DC722B /* Kinect Processing.m */,
			);
			name = "Kinect Classes";
			sourceTree = "<group>";
		};
/* End PBXGroup section */

/* Begin PBXNativeTarget section */
		1A42D20614FD53D10057876F /* OpenKinect Cocoa Example */ = {
			isa = PBXNativeTarget;
			buildConfigurationList = 1A42D22514FD53D20057876F /* Build configuration list for PBXNativeTarget "OpenKinect Cocoa Example" */;
			buildPhases = (
				1A42D20314FD53D10057876F /* Sources */,
				1A42D20414FD53D10057876F /* Frameworks */,
				1A42D20514FD53D10057876F /* Resources */,
			);
			buildRules = (
			);
			dependencies = (
			);
			name = "OpenKinect Cocoa Example";
			productName = KinectiCopter;
			productReference = 1A42D20714FD53D10057876F /* OpenKinect Cocoa Example.app */;
			productType = "com.apple.product-type.application";
		};
/* End PBXNativeTarget section */

/* Begin PBXProject section */
		1A42D1FE14FD53D10057876F /* Project object */ = {
			isa = PBXProject;
			attributes = {
				LastUpgradeCheck = 0420;
				ORGANIZATIONNAME = "James Reuss";
			};
			buildConfigurationList = 1A42D20114FD53D10057876F /* Build configuration list for PBXProject "OpenKinect Cocoa Example" */;
			compatibilityVersion = "Xcode 3.2";
			developmentRegion = English;
			hasScannedForEncodings = 0;
			knownRegions = (
				en,
			);
			mainGroup = 1A42D1FC14FD53D10057876F;
			productRefGroup = 1A42D20814FD53D10057876F /* Products */;
			projectDirPath = "";
			projectRoot = "";
			targets = (
				1A42D20614FD53D10057876F /* OpenKinect Cocoa Example */,
			);
		};
/* End PBXProject section */

/* Begin PBXResourcesBuildPhase section */
		1A42D20514FD53D10057876F /* Resources */ = {
			isa = PBXResourcesBuildPhase;
			buildActionMask = 2147483647;
			files = (
				1A42D21614FD53D20057876F /* InfoPlist.strings in Resources */,
				1A42D21C14FD53D20057876F /* Credits.rtf in Resources */,
				1A42D22214FD53D20057876F /* MainMenu.xib in Resources */,
				1A1D278D151657B70019B46F /* README in Resources */,
			);
			runOnlyForDeploymentPostprocessing = 0;
		};
/* End PBXResourcesBuildPhase section */

/* Begin PBXSourcesBuildPhase section */
		1A42D20314FD53D10057876F /* Sources */ = {
			isa = PBXSourcesBuildPhase;
			buildActionMask = 2147483647;
			files = (
				1A42D21814FD53D20057876F /* main.m in Sources */,
				1A42D21F14FD53D20057876F /* AppDelegate.m in Sources */,
				1A42D22E14FD542C0057876F /* Kinect Controller.m in Sources */,
				1A2B2012150E52C400DC722B /* Kinect Processing.m in Sources */,
			);
			runOnlyForDeploymentPostprocessing = 0;
		};
/* End PBXSourcesBuildPhase section */

/* Begin PBXVariantGroup section */
		1A42D21414FD53D20057876F /* InfoPlist.strings */ = {
			isa = PBXVariantGroup;
			children = (
				1A42D21514FD53D20057876F /* en */,
			);
			name = InfoPlist.strings;
			sourceTree = "<group>";
		};
		1A42D21A14FD53D20057876F /* Credits.rtf */ = {
			isa = PBXVariantGroup;
			children = (
				1A42D21B14FD53D20057876F /* en */,
			);
			name = Credits.rtf;
			sourceTree = "<group>";
		};
		1A42D22014FD53D20057876F /* MainMenu.xib */ = {
			isa = PBXVariantGroup;
			children = (
				1A42D22114FD53D20057876F /* en */,
			);
			name = MainMenu.xib;
			sourceTree = "<group>";
		};
/* End PBXVariantGroup section */

/* Begin XCBuildConfiguration section */
		1A42D22314FD53D20057876F /* Debug */ = {
			isa = XCBuildConfiguration;
			buildSettings = {
				ALWAYS_SEARCH_USER_PATHS = NO;
				ARCHS = "$(ARCHS_STANDARD_64_BIT)";
				COPY_PHASE_STRIP = NO;
				GCC_C_LANGUAGE_STANDARD = gnu99;
				GCC_DYNAMIC_NO_PIC = NO;
				GCC_ENABLE_OBJC_EXCEPTIONS = YES;
				GCC_OPTIMIZATION_LEVEL = 0;
				GCC_PREPROCESSOR_DEFINITIONS = (
					"DEBUG=1",
					"$(inherited)",
				);
				GCC_SYMBOLS_PRIVATE_EXTERN = NO;
				GCC_VERSION = com.apple.compilers.llvm.clang.1_0;
				GCC_WARN_64_TO_32_BIT_CONVERSION = YES;
				GCC_WARN_ABOUT_MISSING_PROTOTYPES = YES;
				GCC_WARN_ABOUT_RETURN_TYPE = YES;
				GCC_WARN_UNUSED_VARIABLE = YES;
				MACOSX_DEPLOYMENT_TARGET = 10.7;
				ONLY_ACTIVE_ARCH = YES;
				SDKROOT = macosx;
			};
			name = Debug;
		};
		1A42D22414FD53D20057876F /* Release */ = {
			isa = XCBuildConfiguration;
			buildSettings = {
				ALWAYS_SEARCH_USER_PATHS = NO;
				ARCHS = "$(ARCHS_STANDARD_64_BIT)";
				COPY_PHASE_STRIP = YES;
				DEBUG_INFORMATION_FORMAT = "dwarf-with-dsym";
				GCC_C_LANGUAGE_STANDARD = gnu99;
				GCC_ENABLE_OBJC_EXCEPTIONS = YES;
				GCC_VERSION = com.apple.compilers.llvm.clang.1_0;
				GCC_WARN_64_TO_32_BIT_CONVERSION = YES;
				GCC_WARN_ABOUT_MISSING_PROTOTYPES = YES;
				GCC_WARN_ABOUT_RETURN_TYPE = YES;
				GCC_WARN_UNUSED_VARIABLE = YES;
				MACOSX_DEPLOYMENT_TARGET = 10.7;
				SDKROOT = macosx;
			};
			name = Release;
		};
		1A42D22614FD53D20057876F /* Debug */ = {
			isa = XCBuildConfiguration;
			buildSettings = {
				GCC_PRECOMPILE_PREFIX_HEADER = YES;
				GCC_PREFIX_HEADER = "KinectiCopter/OpenKinect Cocoa Example-Prefix.pch";
				HEADER_SEARCH_PATHS = (
					/usr/local/Cellar/libfreenect/0.1.2/include/,
					/usr/local/Cellar/libusb/1.0.9/include/,
				);
				INFOPLIST_FILE = "KinectiCopter/OpenKinect Cocoa Example-Info.plist";
				LIBRARY_SEARCH_PATHS = /usr/local/Cellar/libfreenect/0.1.2/lib/;
				PRODUCT_NAME = "OpenKinect Cocoa Example";
				SDKROOT = macosx;
				WRAPPER_EXTENSION = app;
			};
			name = Debug;
		};
		1A42D22714FD53D20057876F /* Release */ = {
			isa = XCBuildConfiguration;
			buildSettings = {
				GCC_PRECOMPILE_PREFIX_HEADER = YES;
				GCC_PREFIX_HEADER = "KinectiCopter/OpenKinect Cocoa Example-Prefix.pch";
				HEADER_SEARCH_PATHS = (
					/usr/local/Cellar/libfreenect/0.1.2/include/,
					/usr/local/Cellar/libusb/1.0.9/include/,
				);
				INFOPLIST_FILE = "KinectiCopter/OpenKinect Cocoa Example-Info.plist";
				LIBRARY_SEARCH_PATHS = /usr/local/Cellar/libfreenect/0.1.2/lib/;
				PRODUCT_NAME = "OpenKinect Cocoa Example";
				SDKROOT = macosx;
				WRAPPER_EXTENSION = app;
			};
			name = Release;
		};
/* End XCBuildConfiguration section */

/* Begin XCConfigurationList section */
		1A42D20114FD53D10057876F /* Build configuration list for PBXProject "OpenKinect Cocoa Example" */ = {
			isa = XCConfigurationList;
			buildConfigurations = (
				1A42D22314FD53D20057876F /* Debug */,
				1A42D22414FD53D20057876F /* Release */,
			);
			defaultConfigurationIsVisible = 0;
			defaultConfigurationName = Release;
		};
		1A42D22514FD53D20057876F /* Build configuration list for PBXNativeTarget "OpenKinect Cocoa Example" */ = {
			isa = XCConfigurationList;
			buildConfigurations = (
				1A42D22614FD53D20057876F /* Debug */,
				1A42D22714FD53D20057876F /* Release */,
			);
			defaultConfigurationIsVisible = 0;
			defaultConfigurationName = Release;
		};
/* End XCConfigurationList section */
	};
	rootObject = 1A42D1FE14FD53D10057876F /* Project object */;
}
